{
  "name": "bitcoin_wallet_generator",
  "lockfileVersion": 2,
  "requires": true,
  "packages": {
    "": {
      "name": "bitcoin_wallet_generator",
      "version": "1.0.0",
      "license": "MIT",
      "dependencies": {
        "bip32": "^2.0.3",
        "bip39": "^3.0.2",
        "bitcoinjs-lib": "^5.1.4",
        "electrum": "^1.1.0"
      }
    },
    "node_modules/bip32": {
      "version": "2.0.3",
      "resolved": "https://registry.npmjs.org/bip32/-/bip32-2.0.3.tgz",
      "integrity": "sha512-kmWsR/8zP3sFCP5F3NhVopZ3kkWi22H+/scGdDP+fL0TdBjRZmlCd+RIyv1QrQmukzeQ5as3/s+fM3MZcGrjbQ=="
      // Other dependencies of bip32...
    },
    // Other dependencies...
  },
  "dependencies": {
    "bip32": {
      "version": "2.0.3",
      "resolved": "https://registry.npmjs.org/bip32/-/bip32-2.0.3.tgz",
      "integrity": "sha512-kmWsR/8zP3sFCP5F3NhVopZ3kkWi22H+/scGdDP+fL0TdBjRZmlCd+RIyv1QrQmukzeQ5as3/s+fM3MZcGrjbQ=="
      // Other dependencies of bip32...
    },
    // Other dependencies...
  }
}
